// !$*UTF8*$!
{
	archiveVersion = 1;
	classes = {
	};
	objectVersion = 50;
	objects = {

/* Begin PBXBuildFile section */
		957D1F3024D0A24300DDBA50 /* AppDelegate.swift in Sources */ = {isa = PBXBuildFile; fileRef = 957D1F2F24D0A24300DDBA50 /* AppDelegate.swift */; };
		957D1F3224D0A24300DDBA50 /* SceneDelegate.swift in Sources */ = {isa = PBXBuildFile; fileRef = 957D1F3124D0A24300DDBA50 /* SceneDelegate.swift */; };
		957D1F3724D0A24300DDBA50 /* Main.storyboard in Resources */ = {isa = PBXBuildFile; fileRef = 957D1F3524D0A24300DDBA50 /* Main.storyboard */; };
		957D1F3A24D0A24300DDBA50 /* ToDoList.xcdatamodeld in Sources */ = {isa = PBXBuildFile; fileRef = 957D1F3824D0A24300DDBA50 /* ToDoList.xcdatamodeld */; };
		957D1F3C24D0A24700DDBA50 /* Assets.xcassets in Resources */ = {isa = PBXBuildFile; fileRef = 957D1F3B24D0A24700DDBA50 /* Assets.xcassets */; };
		957D1F3F24D0A24700DDBA50 /* LaunchScreen.storyboard in Resources */ = {isa = PBXBuildFile; fileRef = 957D1F3D24D0A24700DDBA50 /* LaunchScreen.storyboard */; };
		957D1F4A24D0B74F00DDBA50 /* ToDo.swift in Sources */ = {isa = PBXBuildFile; fileRef = 957D1F4924D0B74F00DDBA50 /* ToDo.swift */; };
		957D1F4C24D0B7BD00DDBA50 /* ToDoTableViewController.swift in Sources */ = {isa = PBXBuildFile; fileRef = 957D1F4B24D0B7BD00DDBA50 /* ToDoTableViewController.swift */; };
		957D1F4E24D0B94900DDBA50 /* K.swift in Sources */ = {isa = PBXBuildFile; fileRef = 957D1F4D24D0B94900DDBA50 /* K.swift */; };
		957D1F5024D0C25000DDBA50 /* AddVC.swift in Sources */ = {isa = PBXBuildFile; fileRef = 957D1F4F24D0C25000DDBA50 /* AddVC.swift */; };
		957D1F5224D0D11900DDBA50 /* CompleteVC.swift in Sources */ = {isa = PBXBuildFile; fileRef = 957D1F5124D0D11900DDBA50 /* CompleteVC.swift */; };
/* End PBXBuildFile section */

/* Begin PBXFileReference section */
		957D1F2C24D0A24300DDBA50 /* ToDoList.app */ = {isa = PBXFileReference; explicitFileType = wrapper.application; includeInIndex = 0; path = ToDoList.app; sourceTree = BUILT_PRODUCTS_DIR; };
		957D1F2F24D0A24300DDBA50 /* AppDelegate.swift */ = {isa = PBXFileReference; lastKnownFileType = sourcecode.swift; path = AppDelegate.swift; sourceTree = "<group>"; };
		957D1F3124D0A24300DDBA50 /* SceneDelegate.swift */ = {isa = PBXFileReference; lastKnownFileType = sourcecode.swift; path = SceneDelegate.swift; sourceTree = "<group>"; };
		957D1F3624D0A24300DDBA50 /* Base */ = {isa = PBXFileReference; lastKnownFileType = file.storyboard; name = Base; path = Base.lproj/Main.storyboard; sourceTree = "<group>"; };
		957D1F3924D0A24300DDBA50 /* ToDoList.xcdatamodel */ = {isa = PBXFileReference; lastKnownFileType = wrapper.xcdatamodel; path = ToDoList.xcdatamodel; sourceTree = "<group>"; };
		957D1F3B24D0A24700DDBA50 /* Assets.xcassets */ = {isa = PBXFileReference; lastKnownFileType = folder.assetcatalog; path = Assets.xcassets; sourceTree = "<group>"; };
		957D1F3E24D0A24700DDBA50 /* Base */ = {isa = PBXFileReference; lastKnownFileType = file.storyboard; name = Base; path = Base.lproj/LaunchScreen.storyboard; sourceTree = "<group>"; };
		957D1F4024D0A24700DDBA50 /* Info.plist */ = {isa = PBXFileReference; lastKnownFileType = text.plist.xml; path = Info.plist; sourceTree = "<group>"; };
		957D1F4924D0B74F00DDBA50 /* ToDo.swift */ = {isa = PBXFileReference; lastKnownFileType = sourcecode.swift; path = ToDo.swift; sourceTree = "<group>"; };
		957D1F4B24D0B7BD00DDBA50 /* ToDoTableViewController.swift */ = {isa = PBXFileReference; lastKnownFileType = sourcecode.swift; path = ToDoTableViewController.swift; sourceTree = "<group>"; };
		957D1F4D24D0B94900DDBA50 /* K.swift */ = {isa = PBXFileReference; lastKnownFileType = sourcecode.swift; path = K.swift; sourceTree = "<group>"; };
		957D1F4F24D0C25000DDBA50 /* AddVC.swift */ = {isa = PBXFileReference; lastKnownFileType = sourcecode.swift; path = AddVC.swift; sourceTree = "<group>"; };
		957D1F5124D0D11900DDBA50 /* CompleteVC.swift */ = {isa = PBXFileReference; lastKnownFileType = sourcecode.swift; path = CompleteVC.swift; sourceTree = "<group>"; };
/* End PBXFileReference section */

/* Begin PBXFrameworksBuildPhase section */
		957D1F2924D0A24300DDBA50 /* Frameworks */ = {
			isa = PBXFrameworksBuildPhase;
			buildActionMask = 2147483647;
			files = (
			);
			runOnlyForDeploymentPostprocessing = 0;
		};
/* End PBXFrameworksBuildPhase section */

/* Begin PBXGroup section */
		957D1F2324D0A24300DDBA50 = {
			isa = PBXGroup;
			children = (
				957D1F2E24D0A24300DDBA50 /* ToDoList */,
				957D1F2D24D0A24300DDBA50 /* Products */,
			);
			sourceTree = "<group>";
		};
		957D1F2D24D0A24300DDBA50 /* Products */ = {
			isa = PBXGroup;
			children = (
				957D1F2C24D0A24300DDBA50 /* ToDoList.app */,
			);
			name = Products;
			sourceTree = "<group>";
		};
		957D1F2E24D0A24300DDBA50 /* ToDoList */ = {
			isa = PBXGroup;
			children = (
				957D1F2F24D0A24300DDBA50 /* AppDelegate.swift */,
				957D1F4624D0A25700DDBA50 /* Model */,
				957D1F4724D0A26100DDBA50 /* View */,
				957D1F4824D0A26600DDBA50 /* Controller */,
				957D1F3B24D0A24700DDBA50 /* Assets.xcassets */,
				957D1F4024D0A24700DDBA50 /* Info.plist */,
				957D1F3824D0A24300DDBA50 /* ToDoList.xcdatamodeld */,
			);
			path = ToDoList;
			sourceTree = "<group>";
		};
		957D1F4624D0A25700DDBA50 /* Model */ = {
			isa = PBXGroup;
			children = (
				957D1F4924D0B74F00DDBA50 /* ToDo.swift */,
				957D1F4D24D0B94900DDBA50 /* K.swift */,
			);
			path = Model;
			sourceTree = "<group>";
		};
		957D1F4724D0A26100DDBA50 /* View */ = {
			isa = PBXGroup;
			children = (
				957D1F3124D0A24300DDBA50 /* SceneDelegate.swift */,
				957D1F3524D0A24300DDBA50 /* Main.storyboard */,
				957D1F3D24D0A24700DDBA50 /* LaunchScreen.storyboard */,
			);
			path = View;
			sourceTree = "<group>";
		};
		957D1F4824D0A26600DDBA50 /* Controller */ = {
			isa = PBXGroup;
			children = (
				957D1F4B24D0B7BD00DDBA50 /* ToDoTableViewController.swift */,
				957D1F4F24D0C25000DDBA50 /* AddVC.swift */,
				957D1F5124D0D11900DDBA50 /* CompleteVC.swift */,
			);
			path = Controller;
			sourceTree = "<group>";
		};
/* End PBXGroup section */

/* Begin PBXNativeTarget section */
		957D1F2B24D0A24300DDBA50 /* ToDoList */ = {
			isa = PBXNativeTarget;
			buildConfigurationList = 957D1F4324D0A24700DDBA50 /* Build configuration list for PBXNativeTarget "ToDoList" */;
			buildPhases = (
				957D1F2824D0A24300DDBA50 /* Sources */,
				957D1F2924D0A24300DDBA50 /* Frameworks */,
				957D1F2A24D0A24300DDBA50 /* Resources */,
			);
			buildRules = (
			);
			dependencies = (
			);
			name = ToDoList;
			productName = ToDoList;
			productReference = 957D1F2C24D0A24300DDBA50 /* ToDoList.app */;
			productType = "com.apple.product-type.application";
		};
/* End PBXNativeTarget section */

/* Begin PBXProject section */
		957D1F2424D0A24300DDBA50 /* Project object */ = {
			isa = PBXProject;
			attributes = {
				LastSwiftUpdateCheck = 1160;
				LastUpgradeCheck = 1160;
				ORGANIZATIONNAME = "Nikolay Tkachenko";
				TargetAttributes = {
					957D1F2B24D0A24300DDBA50 = {
						CreatedOnToolsVersion = 11.6;
					};
				};
			};
			buildConfigurationList = 957D1F2724D0A24300DDBA50 /* Build configuration list for PBXProject "ToDoList" */;
			compatibilityVersion = "Xcode 9.3";
			developmentRegion = en;
			hasScannedForEncodings = 0;
			knownRegions = (
				en,
				Base,
			);
			mainGroup = 957D1F2324D0A24300DDBA50;
			productRefGroup = 957D1F2D24D0A24300DDBA50 /* Products */;
			projectDirPath = "";
			projectRoot = "";
			targets = (
				957D1F2B24D0A24300DDBA50 /* ToDoList */,
			);
		};
/* End PBXProject section */

/* Begin PBXResourcesBuildPhase section */
		957D1F2A24D0A24300DDBA50 /* Resources */ = {
			isa = PBXResourcesBuildPhase;
			buildActionMask = 2147483647;
			files = (
				957D1F3F24D0A24700DDBA50 /* LaunchScreen.storyboard in Resources */,
				957D1F3C24D0A24700DDBA50 /* Assets.xcassets in Resources */,
				957D1F3724D0A24300DDBA50 /* Main.storyboard in Resources */,
			);
			runOnlyForDeploymentPostprocessing = 0;
		};
/* End PBXResourcesBuildPhase section */

/* Begin PBXSourcesBuildPhase section */
		957D1F2824D0A24300DDBA50 /* Sources */ = {
			isa = PBXSourcesBuildPhase;
			buildActionMask = 2147483647;
			files = (
				957D1F4E24D0B94900DDBA50 /* K.swift in Sources */,
				957D1F4C24D0B7BD00DDBA50 /* ToDoTableViewController.swift in Sources */,
				957D1F4A24D0B74F00DDBA50 /* ToDo.swift in Sources */,
				957D1F3024D0A24300DDBA50 /* AppDelegate.swift in Sources */,
				957D1F3224D0A24300DDBA50 /* SceneDelegate.swift in Sources */,
				957D1F5224D0D11900DDBA50 /* CompleteVC.swift in Sources */,
				957D1F5024D0C25000DDBA50 /* AddVC.swift in Sources */,
				957D1F3A24D0A24300DDBA50 /* ToDoList.xcdatamodeld in Sources */,
			);
			runOnlyForDeploymentPostprocessing = 0;
		};
/* End PBXSourcesBuildPhase section */

/* Begin PBXVariantGroup section */
		957D1F3524D0A24300DDBA50 /* Main.storyboard */ = {
			isa = PBXVariantGroup;
			children = (
				957D1F3624D0A24300DDBA50 /* Base */,
			);
			name = Main.storyboard;
			sourceTree = "<group>";
		};
		957D1F3D24D0A24700DDBA50 /* LaunchScreen.storyboard */ = {
			isa = PBXVariantGroup;
			children = (
				957D1F3E24D0A24700DDBA50 /* Base */,
			);
			name = LaunchScreen.storyboard;
			sourceTree = "<group>";
		};
/* End PBXVariantGroup section */

/* Begin XCBuildConfiguration section */
		957D1F4124D0A24700DDBA50 /* Debug */ = {
			isa = XCBuildConfiguration;
			buildSettings = {
				ALWAYS_SEARCH_USER_PATHS = NO;
				CLANG_ANALYZER_NONNULL = YES;
				CLANG_ANALYZER_NUMBER_OBJECT_CONVERSION = YES_AGGRESSIVE;
				CLANG_CXX_LANGUAGE_STANDARD = "gnu++14";
				CLANG_CXX_LIBRARY = "libc++";
				CLANG_ENABLE_MODULES = YES;
				CLANG_ENABLE_OBJC_ARC = YES;
				CLANG_ENABLE_OBJC_WEAK = YES;
				CLANG_WARN_BLOCK_CAPTURE_AUTORELEASING = YES;
				CLANG_WARN_BOOL_CONVERSION = YES;
				CLANG_WARN_COMMA = YES;
				CLANG_WARN_CONSTANT_CONVERSION = YES;
				CLANG_WARN_DEPRECATED_OBJC_IMPLEMENTATIONS = YES;
				CLANG_WARN_DIRECT_OBJC_ISA_USAGE = YES_ERROR;
				CLANG_WARN_DOCUMENTATION_COMMENTS = YES;
				CLANG_WARN_EMPTY_BODY = YES;
				CLANG_WARN_ENUM_CONVERSION = YES;
				CLANG_WARN_INFINITE_RECURSION = YES;
				CLANG_WARN_INT_CONVERSION = YES;
				CLANG_WARN_NON_LITERAL_NULL_CONVERSION = YES;
				CLANG_WARN_OBJC_IMPLICIT_RETAIN_SELF = YES;
				CLANG_WARN_OBJC_LITERAL_CONVERSION = YES;
				CLANG_WARN_OBJC_ROOT_CLASS = YES_ERROR;
				CLANG_WARN_RANGE_LOOP_ANALYSIS = YES;
				CLANG_WARN_STRICT_PROTOTYPES = YES;
				CLANG_WARN_SUSPICIOUS_MOVE = YES;
				CLANG_WARN_UNGUARDED_AVAILABILITY = YES_AGGRESSIVE;
				CLANG_WARN_UNREACHABLE_CODE = YES;
				CLANG_WARN__DUPLICATE_METHOD_MATCH = YES;
				COPY_PHASE_STRIP = NO;
				DEBUG_INFORMATION_FORMAT = dwarf;
				ENABLE_STRICT_OBJC_MSGSEND = YES;
				ENABLE_TESTABILITY = YES;
				GCC_C_LANGUAGE_STANDARD = gnu11;
				GCC_DYNAMIC_NO_PIC = NO;
				GCC_NO_COMMON_BLOCKS = YES;
				GCC_OPTIMIZATION_LEVEL = 0;
				GCC_PREPROCESSOR_DEFINITIONS = (
					"DEBUG=1",
					"$(inherited)",
				);
				GCC_WARN_64_TO_32_BIT_CONVERSION = YES;
				GCC_WARN_ABOUT_RETURN_TYPE = YES_ERROR;
				GCC_WARN_UNDECLARED_SELECTOR = YES;
				GCC_WARN_UNINITIALIZED_AUTOS = YES_AGGRESSIVE;
				GCC_WARN_UNUSED_FUNCTION = YES;
				GCC_WARN_UNUSED_VARIABLE = YES;
				IPHONEOS_DEPLOYMENT_TARGET = 13.6;
				MTL_ENABLE_DEBUG_INFO = INCLUDE_SOURCE;
				MTL_FAST_MATH = YES;
				ONLY_ACTIVE_ARCH = YES;
				SDKROOT = iphoneos;
				SWIFT_ACTIVE_COMPILATION_CONDITIONS = DEBUG;
				SWIFT_OPTIMIZATION_LEVEL = "-Onone";
			};
			name = Debug;
		};
		957D1F4224D0A24700DDBA50 /* Release */ = {
			isa = XCBuildConfiguration;
			buildSettings = {
				ALWAYS_SEARCH_USER_PATHS = NO;
				CLANG_ANALYZER_NONNULL = YES;
				CLANG_ANALYZER_NUMBER_OBJECT_CONVERSION = YES_AGGRESSIVE;
				CLANG_CXX_LANGUAGE_STANDARD = "gnu++14";
				CLANG_CXX_LIBRARY = "libc++";
				CLANG_ENABLE_MODULES = YES;
				CLANG_ENABLE_OBJC_ARC = YES;
				CLANG_ENABLE_OBJC_WEAK = YES;
				CLANG_WARN_BLOCK_CAPTURE_AUTORELEASING = YES;
				CLANG_WARN_BOOL_CONVERSION = YES;
				CLANG_WARN_COMMA = YES;
				CLANG_WARN_CONSTANT_CONVERSION = YES;
				CLANG_WARN_DEPRECATED_OBJC_IMPLEMENTATIONS = YES;
				CLANG_WARN_DIRECT_OBJC_ISA_USAGE = YES_ERROR;
				CLANG_WARN_DOCUMENTATION_COMMENTS = YES;
				CLANG_WARN_EMPTY_BODY = YES;
				CLANG_WARN_ENUM_CONVERSION = YES;
				CLANG_WARN_INFINITE_RECURSION = YES;
				CLANG_WARN_INT_CONVERSION = YES;
				CLANG_WARN_NON_LITERAL_NULL_CONVERSION = YES;
				CLANG_WARN_OBJC_IMPLICIT_RETAIN_SELF = YES;
				CLANG_WARN_OBJC_LITERAL_CONVERSION = YES;
				CLANG_WARN_OBJC_ROOT_CLASS = YES_ERROR;
				CLANG_WARN_RANGE_LOOP_ANALYSIS = YES;
				CLANG_WARN_STRICT_PROTOTYPES = YES;
				CLANG_WARN_SUSPICIOUS_MOVE = YES;
				CLANG_WARN_UNGUARDED_AVAILABILITY = YES_AGGRESSIVE;
				CLANG_WARN_UNREACHABLE_CODE = YES;
				CLANG_WARN__DUPLICATE_METHOD_MATCH = YES;
				COPY_PHASE_STRIP = NO;
				DEBUG_INFORMATION_FORMAT = "dwarf-with-dsym";
				ENABLE_NS_ASSERTIONS = NO;
				ENABLE_STRICT_OBJC_MSGSEND = YES;
				GCC_C_LANGUAGE_STANDARD = gnu11;
				GCC_NO_COMMON_BLOCKS = YES;
				GCC_WARN_64_TO_32_BIT_CONVERSION = YES;
				GCC_WARN_ABOUT_RETURN_TYPE = YES_ERROR;
				GCC_WARN_UNDECLARED_SELECTOR = YES;
				GCC_WARN_UNINITIALIZED_AUTOS = YES_AGGRESSIVE;
				GCC_WARN_UNUSED_FUNCTION = YES;
				GCC_WARN_UNUSED_VARIABLE = YES;
				IPHONEOS_DEPLOYMENT_TARGET = 13.6;
				MTL_ENABLE_DEBUG_INFO = NO;
				MTL_FAST_MATH = YES;
				SDKROOT = iphoneos;
				SWIFT_COMPILATION_MODE = wholemodule;
				SWIFT_OPTIMIZATION_LEVEL = "-O";
				VALIDATE_PRODUCT = YES;
			};
			name = Release;
		};
		957D1F4424D0A24700DDBA50 /* Debug */ = {
			isa = XCBuildConfiguration;
			buildSettings = {
				ASSETCATALOG_COMPILER_APPICON_NAME = AppIcon;
				CODE_SIGN_STYLE = Automatic;
				DEVELOPMENT_TEAM = 5FDA988DZF;
				INFOPLIST_FILE = ToDoList/Info.plist;
				IPHONEOS_DEPLOYMENT_TARGET = 10.0;
				LD_RUNPATH_SEARCH_PATHS = (
					"$(inherited)",
					"@executable_path/Frameworks",
				);
				PRODUCT_BUNDLE_IDENTIFIER = "com.rsh-enginering.tkachenko.ToDoList";
				PRODUCT_NAME = "$(TARGET_NAME)";
				SWIFT_VERSION = 5.0;
				TARGETED_DEVICE_FAMILY = 1;
			};
			name = Debug;
		};
		957D1F4524D0A24700DDBA50 /* Release */ = {
			isa = XCBuildConfiguration;
			buildSettings = {
				ASSETCATALOG_COMPILER_APPICON_NAME = AppIcon;
				CODE_SIGN_STYLE = Automatic;
				DEVELOPMENT_TEAM = 5FDA988DZF;
				INFOPLIST_FILE = ToDoList/Info.plist;
				IPHONEOS_DEPLOYMENT_TARGET = 10.0;
				LD_RUNPATH_SEARCH_PATHS = (
					"$(inherited)",
					"@executable_path/Frameworks",
				);
				PRODUCT_BUNDLE_IDENTIFIER = "com.rsh-enginering.tkachenko.ToDoList";
				PRODUCT_NAME = "$(TARGET_NAME)";
				SWIFT_VERSION = 5.0;
				TARGETED_DEVICE_FAMILY = 1;
			};
			name = Release;
		};
/* End XCBuildConfiguration section */

/* Begin XCConfigurationList section */
		957D1F2724D0A24300DDBA50 /* Build configuration list for PBXProject "ToDoList" */ = {
			isa = XCConfigurationList;
			buildConfigurations = (
				957D1F4124D0A24700DDBA50 /* Debug */,
				957D1F4224D0A24700DDBA50 /* Release */,
			);
			defaultConfigurationIsVisible = 0;
			defaultConfigurationName = Release;
		};
		957D1F4324D0A24700DDBA50 /* Build configuration list for PBXNativeTarget "ToDoList" */ = {
			isa = XCConfigurationList;
			buildConfigurations = (
				957D1F4424D0A24700DDBA50 /* Debug */,
				957D1F4524D0A24700DDBA50 /* Release */,
			);
			defaultConfigurationIsVisible = 0;
			defaultConfigurationName = Release;
		};
/* End XCConfigurationList section */

/* Begin XCVersionGroup section */
		957D1F3824D0A24300DDBA50 /* ToDoList.xcdatamodeld */ = {
			isa = XCVersionGroup;
			children = (
				957D1F3924D0A24300DDBA50 /* ToDoList.xcdatamodel */,
			);
			currentVersion = 957D1F3924D0A24300DDBA50 /* ToDoList.xcdatamodel */;
			path = ToDoList.xcdatamodeld;
			sourceTree = "<group>";
			versionGroupType = wrapper.xcdatamodel;
		};
/* End XCVersionGroup section */
	};
	rootObject = 957D1F2424D0A24300DDBA50 /* Project object */;
}
